<?xml version="1.0" encoding="utf-8"?>
<Project ToolsVersion="4.0" xmlns="http://schemas.microsoft.com/developer/msbuild/2003">
  <ItemGroup>
    <Filter Include="Source Files">
      <UniqueIdentifier>{4FC737F1-C7A5-4376-A066-2A32D752A2FF}</UniqueIdentifier>
      <Extensions>cpp;c;cc;cxx;c++;cppm;ixx;def;odl;idl;hpj;bat;asm;asmx</Extensions>
    </Filter>
    <Filter Include="Header Files">
      <UniqueIdentifier>{93995380-89BD-4b04-88EB-625FBE52EBFB}</UniqueIdentifier>
      <Extensions>h;hh;hpp;hxx;h++;hm;inl;inc;ipp;xsd</Extensions>
    </Filter>
    <Filter Include="Resource Files">
      <UniqueIdentifier>{67DA6AB6-F800-4c08-8B7A-83BB121AAD01}</UniqueIdentifier>
      <Extensions>rc;ico;cur;bmp;dlg;rc2;rct;bin;rgs;gif;jpg;jpeg;jpe;resx;tiff;tif;png;wav;mfcribbon-ms</Extensions>
    </Filter>
  </ItemGroup>
  <ItemGroup>
    <ClCompile Include="src\source.cpp">
      <Filter>Source Files</Filter>
    </ClCompile>
    <ClCompile Include="src\wnd\wnd_func.cpp">
      <Filter>Source Files</Filter>
    </ClCompile>
    <ClCompile Include="src\wnd\funcs\wnd_title.cpp">
      <Filter>Source Files</Filter>
    </ClCompile>
    <ClCompile Include="src\wnd\funcs\wnd_drag.cpp">
      <Filter>Source Files</Filter>
    </ClCompile>
    <ClCompile Include="src\wnd\funcs\wnd_resize.cpp">
      <Filter>Source Files</Filter>
    </ClCompile>
    <ClCompile Include="src\wnd\funcs\wnd_fps.cpp">
      <Filter>Source Files</Filter>
    </ClCompile>
    <ClCompile Include="src\wnd\funcs\edit\wnd_edit.cpp">
      <Filter>Source Files</Filter>
    </ClCompile>
    <ClCompile Include="src\wnd\funcs\edit\wnd_edit_caret.cpp">
      <Filter>Source Files</Filter>
    </ClCompile>
    <ClCompile Include="src\wnd\funcs\edit\wnd_edit_line_count.cpp">
      <Filter>Source Files</Filter>
    </ClCompile>
    <ClCompile Include="src\wnd\funcs\menu\wnd_menu.cpp">
      <Filter>Source Files</Filter>
    </ClCompile>
    <ClCompile Include="src\wnd\funcs\hooks\wnd_key_hook.cpp">
      <Filter>Source Files</Filter>
    </ClCompile>
    <ClCompile Include="src\wnd\funcs\hooks\wnd_mouse_hook.cpp">
      <Filter>Source Files</Filter>
    </ClCompile>
    <ClCompile Include="src\wnd\funcs\menu\wnd_menu_funcs.cpp">
      <Filter>Source Files</Filter>
    </ClCompile>
    <ClCompile Include="src\wnd\funcs\util\config.cpp">
      <Filter>Source Files</Filter>
    </ClCompile>
  </ItemGroup>
  <ItemGroup>
    <ClInclude Include="src\typedef.h">
      <Filter>Header Files</Filter>
    </ClInclude>
    <ClInclude Include="src\wnd\wnd_func.h">
      <Filter>Header Files</Filter>
    </ClInclude>
    <ClInclude Include="src\wnd\funcs\wnd_title.h">
      <Filter>Header Files</Filter>
    </ClInclude>
    <ClInclude Include="src\wnd\wincludes.h">
      <Filter>Header Files</Filter>
    </ClInclude>
    <ClInclude Include="src\wnd\funcs\wnd_drag.h">
      <Filter>Header Files</Filter>
    </ClInclude>
    <ClInclude Include="src\wnd\funcs\wnd_resize.h">
      <Filter>Header Files</Filter>
    </ClInclude>
    <ClInclude Include="src\wnd\funcs\wnd_includes.h">
      <Filter>Header Files</Filter>
    </ClInclude>
    <ClInclude Include="src\wnd\funcs\wnd_fps.h">
      <Filter>Header Files</Filter>
    </ClInclude>
    <ClInclude Include="src\wnd\funcs\edit\wnd_edit.h">
      <Filter>Header Files</Filter>
    </ClInclude>
    <ClInclude Include="src\wnd\funcs\edit\wnd_edit_scroll.h">
      <Filter>Header Files</Filter>
    </ClInclude>
    <ClInclude Include="src\wnd\funcs\util\util.h">
      <Filter>Header Files</Filter>
    </ClInclude>
    <ClInclude Include="src\wnd\funcs\util\overloads.h">
      <Filter>Header Files</Filter>
    </ClInclude>
    <ClInclude Include="src\wnd\funcs\edit\wnd_edit_caret.h">
      <Filter>Header Files</Filter>
    </ClInclude>
    <ClInclude Include="src\wnd\funcs\edit\wnd_edit_line_count.h">
      <Filter>Header Files</Filter>
    </ClInclude>
    <ClInclude Include="resource.h">
      <Filter>Header Files</Filter>
    </ClInclude>
    <ClInclude Include="src\wnd\funcs\menu\wnd_menu.h">
      <Filter>Header Files</Filter>
    </ClInclude>
    <ClInclude Include="src\wnd\funcs\hooks\wnd_mouse_hook.h">
      <Filter>Header Files</Filter>
    </ClInclude>
    <ClInclude Include="src\wnd\funcs\hooks\wnd_key_hook.h">
      <Filter>Header Files</Filter>
    </ClInclude>
    <ClInclude Include="src\wnd\funcs\menu\wnd_menu_funcs.h">
      <Filter>Header Files</Filter>
    </ClInclude>
    <ClInclude Include="src\wnd\funcs\util\config.h">
      <Filter>Header Files</Filter>
    </ClInclude>
  </ItemGroup>
  <ItemGroup>
    <None Include="customme.bin">
      <Filter>Resource Files</Filter>
    </None>
  </ItemGroup>
  <ItemGroup>
    <ResourceCompile Include="edit.rc">
      <Filter>Resource Files</Filter>
    </ResourceCompile>
  </ItemGroup>
  <ItemGroup>
    <Image Include="edit.ico">
      <Filter>Resource Files</Filter>
    </Image>
  </ItemGroup>
</Project>